lockfileVersion: '9.0'

settings:
  autoInstallPeers: true
  excludeLinksFromLockfile: false

importers:

  .:
    dependencies:
      walk-sync:
        specifier: ^3.0.0
        version: 3.0.0
    devDependencies:
      '@types/node':
        specifier: ^22.2.0
        version: 22.2.0
      typescript:
        specifier: ^5.3.3
        version: 5.8.3

packages:

  '@types/minimatch@3.0.5':
    resolution: {integrity: sha512-Klz949h02Gz2uZCMGwDUSDS1YBlTdDDgbWHi+81l29tQALUtvz4rAYi5uoVhE5Lagoq6DeqAUlbrHvW/mXDgdQ==}

  '@types/node@22.2.0':
    resolution: {integrity: sha512-bm6EG6/pCpkxDf/0gDNDdtDILMOHgaQBVOJGdwsqClnxA3xL6jtMv76rLBc006RVMWbmaf0xbmom4Z/5o2nRkQ==}

  balanced-match@1.0.2:
    resolution: {integrity: sha512-3oSeUO0TMV67hN1AmbXsK4yaqU7tjiHlbxRDZOpH0KW9+CeX4bRAaX0Anxt0tx2MrpRpWwQaPwIlISEJhYU5Pw==}

  brace-expansion@1.1.11:
    resolution: {integrity: sha512-iCuPHDFgrHX7H2vEI/5xpz07zSHB00TpugqhmYtVmMO6518mCuRMoOYFldEBl0g187ufozdaHgWKcYFb61qGiA==}

  concat-map@0.0.1:
    resolution: {integrity: sha512-/Srv4dswyQNBfohGpz9o6Yb3Gz3SrUDqBH5rTuhGR7ahtlbYKnVxw2bCFMRljaA7EXHaXZ8wsHdodFvbkhKmqg==}

  ensure-posix-path@1.1.1:
    resolution: {integrity: sha512-VWU0/zXzVbeJNXvME/5EmLuEj2TauvoaTz6aFYK1Z92JCBlDlZ3Gu0tuGR42kpW1754ywTs+QB0g5TP0oj9Zaw==}

  matcher-collection@2.0.1:
    resolution: {integrity: sha512-daE62nS2ZQsDg9raM0IlZzLmI2u+7ZapXBwdoeBUKAYERPDDIc0qNqA8E0Rp2D+gspKR7BgIFP52GeujaGXWeQ==}
    engines: {node: 6.* || 8.* || >= 10.*}

  minimatch@3.1.2:
    resolution: {integrity: sha512-J7p63hRiAjw1NDEww1W7i37+ByIrOWO5XQQAzZ3VOcL0PNybwpfmV/N05zFAzwQ9USyEcX6t3UO+K5aqBQOIHw==}

  typescript@5.8.3:
    resolution: {integrity: sha512-p1diW6TqL9L07nNxvRMM7hMMw4c5XOo/1ibL4aAIGmSAt9slTE1Xgw5KWuof2uTOvCg9BY7ZRi+GaF+7sfgPeQ==}
    engines: {node: '>=14.17'}
    hasBin: true

  undici-types@6.13.0:
    resolution: {integrity: sha512-xtFJHudx8S2DSoujjMd1WeWvn7KKWFRESZTMeL1RptAYERu29D6jphMjjY+vn96jvN3kVPDNxU/E13VTaXj6jg==}

  walk-sync@3.0.0:
    resolution: {integrity: sha512-41TvKmDGVpm2iuH7o+DAOt06yyu/cSHpX3uzAwetzASvlNtVddgIjXIb2DfB/Wa20B1Jo86+1Dv1CraSU7hWdw==}
    engines: {node: 10.* || >= 12.*}

snapshots:

  '@types/minimatch@3.0.5': {}

  '@types/node@22.2.0':
    dependencies:
      undici-types: 6.13.0

  balanced-match@1.0.2: {}

  brace-expansion@1.1.11:
    dependencies:
      balanced-match: 1.0.2
      concat-map: 0.0.1

  concat-map@0.0.1: {}

  ensure-posix-path@1.1.1: {}

  matcher-collection@2.0.1:
    dependencies:
      '@types/minimatch': 3.0.5
      minimatch: 3.1.2

  minimatch@3.1.2:
    dependencies:
      brace-expansion: 1.1.11

  typescript@5.8.3: {}

  undici-types@6.13.0: {}

  walk-sync@3.0.0:
    dependencies:
      '@types/minimatch': 3.0.5
      ensure-posix-path: 1.1.1
      matcher-collection: 2.0.1
      minimatch: 3.1.2
